
Microsoft Visual Studio Solution File, Format Version 12.00
# Visual Studio Version 17
VisualStudioVersion = 17.6.33712.159
MinimumVisualStudioVersion = 10.0.40219.1
Project("{FAE04EC0-301F-11D3-BF4B-00C04F79EFBC}") = "Radzen_4_13_2", "Radzen_4_13_2\Radzen_4_13_2.csproj", "{02E22A6E-531A-4BF9-8F1A-0F49E653072D}"
EndProject
Global
	GlobalSection(SolutionConfigurationPlatforms) = preSolution
		Debug|Any CPU = Debug|Any CPU
		Release|Any CPU = Release|Any CPU
	EndGlobalSection
	GlobalSection(ProjectConfigurationPlatforms) = postSolution
		{02E22A6E-531A-4BF9-8F1A-0F49E653072D}.Debug|Any CPU.ActiveCfg = Debug|Any CPU
		{02E22A6E-531A-4BF9-8F1A-0F49E653072D}.Debug|Any CPU.Build.0 = Debug|Any CPU
		{02E22A6E-531A-4BF9-8F1A-0F49E653072D}.Release|Any CPU.ActiveCfg = Release|Any CPU
		{02E22A6E-531A-4BF9-8F1A-0F49E653072D}.Release|Any CPU.Build.0 = Release|Any CPU
	EndGlobalSection
	GlobalSection(SolutionProperties) = preSolution
		HideSolutionNode = FALSE
	EndGlobalSection
	GlobalSection(ExtensibilityGlobals) = postSolution
		SolutionGuid = {18BEDE6D-DB93-4FB4-9482-A652D0E0ECD2}
	EndGlobalSection
EndGlobal
